{
  "version": 1,
  "dependencies": {
    "net8.0": {
      "Spectre.Console": {
        "type": "Direct",
        "requested": "[0.51.1, )",
        "resolved": "0.51.1",
        "contentHash": "84xNywgnaG8XgOypnZAL+EZUbhCGE0umj7fuMrSI6esdE74HYHRoeBioeMUJXPiCt7iBDKHLwiBcg0IliYIIxA=="
      },
      "System.CommandLine": {
        "type": "Direct",
        "requested": "[2.0.9, )",
        "resolved": "2.0.9",
        "contentHash": "SW0WhEk4NFVZ4lOnsLrHQOV/7s0eTidezNybHQWXfqhuXWB17X3RXbrifeWBbUx1iu+NcYchVSufmW7svjUEnA=="
      },
      "YamlDotNet": {
        "type": "Transitive",
        "resolved": "16.3.0",
        "contentHash": "SgMOdxbz8X65z8hraIs6hOEdnkH6hESTAIUa7viEngHOYaH+6q5XJmwr1+yb9vJpNQ19hCQY69xbFsLtXpobQA=="
      },
      "guardrails.core": {
        "type": "Project",
        "dependencies": {
          "YamlDotNet": "[16.3.0, )"
        }
      }
    }
  }
}
